
Microsoft Visual Studio Solution File, Format Version 12.00
# Visual Studio Version 17
VisualStudioVersion = 17.3.32811.315
MinimumVisualStudioVersion = 10.0.40219.1
Project("{FAE04EC0-301F-11D3-BF4B-00C04F79EFBC}") = "HelloWorld", "HelloWorld\HelloWorld.csproj", "{0940FFD6-AF5E-44EE-8D4B-0336195FA507}"
EndProject
Project("{FAE04EC0-301F-11D3-BF4B-00C04F79EFBC}") = "Addition", "Addition\Addition.csproj", "{A5C52D86-AD24-4E3B-B563-F346E82C00D8}"
EndProject
Project("{FAE04EC0-301F-11D3-BF4B-00C04F79EFBC}") = "AscendingOrder", "AscendingOrder\AscendingOrder.csproj", "{8DE2DB9C-26FE-4D5E-8C81-33C4968B4F54}"
EndProject
Project("{FAE04EC0-301F-11D3-BF4B-00C04F79EFBC}") = "NumberTable", "NumberTable\NumberTable.csproj", "{577A89C7-1D5C-4728-ADBB-D0401480856B}"
EndProject
Project("{FAE04EC0-301F-11D3-BF4B-00C04F79EFBC}") = "CoffeeVendingMachine", "CoffeeVendingMachine\CoffeeVendingMachine.csproj", "{9A3355A3-B3FB-40C5-8F75-28501D8C4091}"
EndProject
Project("{FAE04EC0-301F-11D3-BF4B-00C04F79EFBC}") = "UnderstandingEnum", "UnderstandingEnum\UnderstandingEnum.csproj", "{80FA69A5-E74A-45A9-A994-53FF7E5BEA0B}"
EndProject
Project("{FAE04EC0-301F-11D3-BF4B-00C04F79EFBC}") = "Language_Country", "Language_Country\Language_Country.csproj", "{B8E0EE9A-CC5B-4BCC-A2A0-96F18ECD21A8}"
EndProject
Project("{9A19103F-16F7-4668-BE54-9A1E7A4F7556}") = "HelloCore", "HelloCore\HelloCore.csproj", "{E9092337-A147-4C0B-A33F-3986493159FD}"
EndProject
Project("{9A19103F-16F7-4668-BE54-9A1E7A4F7556}") = "Abstraction_Encapsulation", "Abstraction_Encapsulation\Abstraction_Encapsulation.csproj", "{48707B87-2217-48ED-9C07-B38333ADDDB7}"
EndProject
Project("{9A19103F-16F7-4668-BE54-9A1E7A4F7556}") = "Arrays", "Arrays\Arrays.csproj", "{E5C031CD-E484-4B53-8A6A-A60ECF124342}"
EndProject
Project("{9A19103F-16F7-4668-BE54-9A1E7A4F7556}") = "ValueType_ReferenceType", "ValueType_ReferenceType\ValueType_ReferenceType.csproj", "{4D67A011-AA93-4FDB-B281-94739A37E7B8}"
EndProject
Project("{9A19103F-16F7-4668-BE54-9A1E7A4F7556}") = "Ref_and_Out", "Ref_and_Out\Ref_and_Out.csproj", "{3BC3EB63-CBB3-4041-BC92-FF03389CA3A4}"
EndProject
Project("{9A19103F-16F7-4668-BE54-9A1E7A4F7556}") = "Indexers", "Indexers\Indexers.csproj", "{7D7E683D-E203-461F-82EB-63B9A9E0728D}"
EndProject
Project("{9A19103F-16F7-4668-BE54-9A1E7A4F7556}") = "StringManipulation", "StringManipulation\StringManipulation.csproj", "{E3FC8BAA-4687-400C-9C39-978F46899671}"
EndProject
Project("{9A19103F-16F7-4668-BE54-9A1E7A4F7556}") = "FunctionOverloading", "FunctionOverloading\FunctionOverloading.csproj", "{6F6773C8-DE4D-4908-9E2D-E412424CD607}"
EndProject
Project("{9A19103F-16F7-4668-BE54-9A1E7A4F7556}") = "AreaCalculatorLibrary", "AreaCalculatorLibrary\AreaCalculatorLibrary.csproj", "{A6145C59-9CD1-4219-96F2-79C2D76A5ADA}"
EndProject
Project("{9A19103F-16F7-4668-BE54-9A1E7A4F7556}") = "TestClassLibrary", "TestClassLibrary\TestClassLibrary.csproj", "{7B76DE77-6AD5-4990-81F5-3C43788AC481}"
EndProject
Project("{9A19103F-16F7-4668-BE54-9A1E7A4F7556}") = "Experiment", "Experiment\Experiment.csproj", "{D840DFA4-1B39-4E0A-AAF0-56A9CF9DBFB9}"
EndProject
Project("{9A19103F-16F7-4668-BE54-9A1E7A4F7556}") = "EmployeeArrayExericse", "EmployeeArrayExericse\EmployeeArrayExericse.csproj", "{AA7C437A-A825-4B35-960A-AB370A13B9A2}"
EndProject
Project("{9A19103F-16F7-4668-BE54-9A1E7A4F7556}") = "Assignment_Encapsulation", "Assignment_Encapsulation\Assignment_Encapsulation.csproj", "{954F6C40-AE9D-4A5F-BFE0-5052ED759E9C}"
EndProject
Project("{9A19103F-16F7-4668-BE54-9A1E7A4F7556}") = "Student_Polymorphism", "Student_Polymorphism\Student_Polymorphism.csproj", "{0C4EC78B-D48B-458A-8DDC-D8E816EDB7EC}"
EndProject
Project("{9A19103F-16F7-4668-BE54-9A1E7A4F7556}") = "Abstract_Polymorphism", "Abstract_Polymorphism\Abstract_Polymorphism.csproj", "{89CD27D3-E655-481D-97E1-B701335B430C}"
EndProject
Project("{9A19103F-16F7-4668-BE54-9A1E7A4F7556}") = "Interface_Polymorphism", "Interface_Polymorphism\Interface_Polymorphism.csproj", "{AA596125-294A-4355-AFE5-5EB60983FAB3}"
EndProject
Project("{9A19103F-16F7-4668-BE54-9A1E7A4F7556}") = "Interface", "Interface\Interface.csproj", "{72ABD7A4-899E-4B8F-8413-B15F68F8F2A4}"
EndProject
Project("{9A19103F-16F7-4668-BE54-9A1E7A4F7556}") = "Collections_And_Enumerables", "Collections_And_Enumerables\Collections_And_Enumerables.csproj", "{D804B7BC-DC59-4B7B-BF83-C1A35224EB50}"
EndProject
Project("{9A19103F-16F7-4668-BE54-9A1E7A4F7556}") = "GenericDataTypeAssignment", "GenericDataTypeAssignment\GenericDataTypeAssignment.csproj", "{F5897327-FD1C-4201-A7C4-F1FC4DBE1953}"
EndProject
Project("{9A19103F-16F7-4668-BE54-9A1E7A4F7556}") = "ExceptionHandlingAssignment", "ExceptionHandlingAssignment\ExceptionHandlingAssignment.csproj", "{E6F6E221-7F22-4D90-9D0D-530873EAF84E}"
EndProject
Project("{9A19103F-16F7-4668-BE54-9A1E7A4F7556}") = "GenericMethods", "GenericMethods\GenericMethods.csproj", "{FF8FE169-3996-4883-BD7C-676290173BD8}"
EndProject
Project("{9A19103F-16F7-4668-BE54-9A1E7A4F7556}") = "SortingWithIcomparable", "SortingWithIcomparable\SortingWithIcomparable.csproj", "{DF1E94A7-4346-4656-9753-6D05AF218468}"
EndProject
Project("{9A19103F-16F7-4668-BE54-9A1E7A4F7556}") = "Delegates", "Delegates\Delegates.csproj", "{DA03F439-1186-42C7-9F0D-88F9079035AB}"
EndProject
Project("{9A19103F-16F7-4668-BE54-9A1E7A4F7556}") = "DelegateRealScenario", "DelegateRealScenario\DelegateRealScenario.csproj", "{E04747D0-9CFA-47FA-BD38-B3DA55768590}"
EndProject
Project("{FAE04EC0-301F-11D3-BF4B-00C04F79EFBC}") = "HelloWindow", "HelloWindow\HelloWindow.csproj", "{6B31462B-E9A6-46EB-BEC1-DAC9806B9C74}"
EndProject
Project("{9A19103F-16F7-4668-BE54-9A1E7A4F7556}") = "Serialization", "Serialization\Serialization.csproj", "{34D16CEC-AFF0-4892-8C9D-01326AED6655}"
EndProject
Project("{9A19103F-16F7-4668-BE54-9A1E7A4F7556}") = "EmployeeCollections", "EmployeeCollections\EmployeeCollections.csproj", "{C0FD471B-4F15-4AA6-B7B4-76960EDF7886}"
EndProject
Project("{9A19103F-16F7-4668-BE54-9A1E7A4F7556}") = "StudentLibrary", "StudentLibrary\StudentLibrary.csproj", "{E45F5302-EED5-41DC-AB04-4524C9CE8B0C}"
EndProject
Project("{9A19103F-16F7-4668-BE54-9A1E7A4F7556}") = "CustomerLibrary", "CustomerLibrary\CustomerLibrary.csproj", "{35F98940-8F15-46F4-8189-576158B5D04B}"
EndProject
Project("{9A19103F-16F7-4668-BE54-9A1E7A4F7556}") = "EmployeeLibrary", "EmployeeLibrary\EmployeeLibrary.csproj", "{3428056C-CDA6-4836-96AC-2EDE12E1A323}"
EndProject
Project("{9A19103F-16F7-4668-BE54-9A1E7A4F7556}") = "DeligateLibrary", "DeligateLibrary\DeligateLibrary.csproj", "{00192651-5202-4C75-B2EE-EAA8A32E9706}"
EndProject
Project("{FAE04EC0-301F-11D3-BF4B-00C04F79EFBC}") = "DelegateAndInterfaceExamples", "DelegateAndInterfaceExamples\DelegateAndInterfaceExamples.csproj", "{A01EAB40-1C3E-4326-8E97-428C0DFD1578}"
EndProject
Global
	GlobalSection(SolutionConfigurationPlatforms) = preSolution
		Debug|Any CPU = Debug|Any CPU
		Release|Any CPU = Release|Any CPU
	EndGlobalSection
	GlobalSection(ProjectConfigurationPlatforms) = postSolution
		{0940FFD6-AF5E-44EE-8D4B-0336195FA507}.Debug|Any CPU.ActiveCfg = Debug|Any CPU
		{0940FFD6-AF5E-44EE-8D4B-0336195FA507}.Debug|Any CPU.Build.0 = Debug|Any CPU
		{0940FFD6-AF5E-44EE-8D4B-0336195FA507}.Release|Any CPU.ActiveCfg = Release|Any CPU
		{0940FFD6-AF5E-44EE-8D4B-0336195FA507}.Release|Any CPU.Build.0 = Release|Any CPU
		{A5C52D86-AD24-4E3B-B563-F346E82C00D8}.Debug|Any CPU.ActiveCfg = Debug|Any CPU
		{A5C52D86-AD24-4E3B-B563-F346E82C00D8}.Debug|Any CPU.Build.0 = Debug|Any CPU
		{A5C52D86-AD24-4E3B-B563-F346E82C00D8}.Release|Any CPU.ActiveCfg = Release|Any CPU
		{A5C52D86-AD24-4E3B-B563-F346E82C00D8}.Release|Any CPU.Build.0 = Release|Any CPU
		{8DE2DB9C-26FE-4D5E-8C81-33C4968B4F54}.Debug|Any CPU.ActiveCfg = Debug|Any CPU
		{8DE2DB9C-26FE-4D5E-8C81-33C4968B4F54}.Debug|Any CPU.Build.0 = Debug|Any CPU
		{8DE2DB9C-26FE-4D5E-8C81-33C4968B4F54}.Release|Any CPU.ActiveCfg = Release|Any CPU
		{8DE2DB9C-26FE-4D5E-8C81-33C4968B4F54}.Release|Any CPU.Build.0 = Release|Any CPU
		{577A89C7-1D5C-4728-ADBB-D0401480856B}.Debug|Any CPU.ActiveCfg = Debug|Any CPU
		{577A89C7-1D5C-4728-ADBB-D0401480856B}.Debug|Any CPU.Build.0 = Debug|Any CPU
		{577A89C7-1D5C-4728-ADBB-D0401480856B}.Release|Any CPU.ActiveCfg = Release|Any CPU
		{577A89C7-1D5C-4728-ADBB-D0401480856B}.Release|Any CPU.Build.0 = Release|Any CPU
		{9A3355A3-B3FB-40C5-8F75-28501D8C4091}.Debug|Any CPU.ActiveCfg = Debug|Any CPU
		{9A3355A3-B3FB-40C5-8F75-28501D8C4091}.Debug|Any CPU.Build.0 = Debug|Any CPU
		{9A3355A3-B3FB-40C5-8F75-28501D8C4091}.Release|Any CPU.ActiveCfg = Release|Any CPU
		{9A3355A3-B3FB-40C5-8F75-28501D8C4091}.Release|Any CPU.Build.0 = Release|Any CPU
		{80FA69A5-E74A-45A9-A994-53FF7E5BEA0B}.Debug|Any CPU.ActiveCfg = Debug|Any CPU
		{80FA69A5-E74A-45A9-A994-53FF7E5BEA0B}.Debug|Any CPU.Build.0 = Debug|Any CPU
		{80FA69A5-E74A-45A9-A994-53FF7E5BEA0B}.Release|Any CPU.ActiveCfg = Release|Any CPU
		{80FA69A5-E74A-45A9-A994-53FF7E5BEA0B}.Release|Any CPU.Build.0 = Release|Any CPU
		{B8E0EE9A-CC5B-4BCC-A2A0-96F18ECD21A8}.Debug|Any CPU.ActiveCfg = Debug|Any CPU
		{B8E0EE9A-CC5B-4BCC-A2A0-96F18ECD21A8}.Debug|Any CPU.Build.0 = Debug|Any CPU
		{B8E0EE9A-CC5B-4BCC-A2A0-96F18ECD21A8}.Release|Any CPU.ActiveCfg = Release|Any CPU
		{B8E0EE9A-CC5B-4BCC-A2A0-96F18ECD21A8}.Release|Any CPU.Build.0 = Release|Any CPU
		{E9092337-A147-4C0B-A33F-3986493159FD}.Debug|Any CPU.ActiveCfg = Debug|Any CPU
		{E9092337-A147-4C0B-A33F-3986493159FD}.Debug|Any CPU.Build.0 = Debug|Any CPU
		{E9092337-A147-4C0B-A33F-3986493159FD}.Release|Any CPU.ActiveCfg = Release|Any CPU
		{E9092337-A147-4C0B-A33F-3986493159FD}.Release|Any CPU.Build.0 = Release|Any CPU
		{48707B87-2217-48ED-9C07-B38333ADDDB7}.Debug|Any CPU.ActiveCfg = Debug|Any CPU
		{48707B87-2217-48ED-9C07-B38333ADDDB7}.Debug|Any CPU.Build.0 = Debug|Any CPU
		{48707B87-2217-48ED-9C07-B38333ADDDB7}.Release|Any CPU.ActiveCfg = Release|Any CPU
		{48707B87-2217-48ED-9C07-B38333ADDDB7}.Release|Any CPU.Build.0 = Release|Any CPU
		{E5C031CD-E484-4B53-8A6A-A60ECF124342}.Debug|Any CPU.ActiveCfg = Debug|Any CPU
		{E5C031CD-E484-4B53-8A6A-A60ECF124342}.Debug|Any CPU.Build.0 = Debug|Any CPU
		{E5C031CD-E484-4B53-8A6A-A60ECF124342}.Release|Any CPU.ActiveCfg = Release|Any CPU
		{E5C031CD-E484-4B53-8A6A-A60ECF124342}.Release|Any CPU.Build.0 = Release|Any CPU
		{4D67A011-AA93-4FDB-B281-94739A37E7B8}.Debug|Any CPU.ActiveCfg = Debug|Any CPU
		{4D67A011-AA93-4FDB-B281-94739A37E7B8}.Debug|Any CPU.Build.0 = Debug|Any CPU
		{4D67A011-AA93-4FDB-B281-94739A37E7B8}.Release|Any CPU.ActiveCfg = Release|Any CPU
		{4D67A011-AA93-4FDB-B281-94739A37E7B8}.Release|Any CPU.Build.0 = Release|Any CPU
		{3BC3EB63-CBB3-4041-BC92-FF03389CA3A4}.Debug|Any CPU.ActiveCfg = Debug|Any CPU
		{3BC3EB63-CBB3-4041-BC92-FF03389CA3A4}.Debug|Any CPU.Build.0 = Debug|Any CPU
		{3BC3EB63-CBB3-4041-BC92-FF03389CA3A4}.Release|Any CPU.ActiveCfg = Release|Any CPU
		{3BC3EB63-CBB3-4041-BC92-FF03389CA3A4}.Release|Any CPU.Build.0 = Release|Any CPU
		{7D7E683D-E203-461F-82EB-63B9A9E0728D}.Debug|Any CPU.ActiveCfg = Debug|Any CPU
		{7D7E683D-E203-461F-82EB-63B9A9E0728D}.Debug|Any CPU.Build.0 = Debug|Any CPU
		{7D7E683D-E203-461F-82EB-63B9A9E0728D}.Release|Any CPU.ActiveCfg = Release|Any CPU
		{7D7E683D-E203-461F-82EB-63B9A9E0728D}.Release|Any CPU.Build.0 = Release|Any CPU
		{E3FC8BAA-4687-400C-9C39-978F46899671}.Debug|Any CPU.ActiveCfg = Debug|Any CPU
		{E3FC8BAA-4687-400C-9C39-978F46899671}.Debug|Any CPU.Build.0 = Debug|Any CPU
		{E3FC8BAA-4687-400C-9C39-978F46899671}.Release|Any CPU.ActiveCfg = Release|Any CPU
		{E3FC8BAA-4687-400C-9C39-978F46899671}.Release|Any CPU.Build.0 = Release|Any CPU
		{6F6773C8-DE4D-4908-9E2D-E412424CD607}.Debug|Any CPU.ActiveCfg = Debug|Any CPU
		{6F6773C8-DE4D-4908-9E2D-E412424CD607}.Debug|Any CPU.Build.0 = Debug|Any CPU
		{6F6773C8-DE4D-4908-9E2D-E412424CD607}.Release|Any CPU.ActiveCfg = Release|Any CPU
		{6F6773C8-DE4D-4908-9E2D-E412424CD607}.Release|Any CPU.Build.0 = Release|Any CPU
		{A6145C59-9CD1-4219-96F2-79C2D76A5ADA}.Debug|Any CPU.ActiveCfg = Debug|Any CPU
		{A6145C59-9CD1-4219-96F2-79C2D76A5ADA}.Debug|Any CPU.Build.0 = Debug|Any CPU
		{A6145C59-9CD1-4219-96F2-79C2D76A5ADA}.Release|Any CPU.ActiveCfg = Release|Any CPU
		{A6145C59-9CD1-4219-96F2-79C2D76A5ADA}.Release|Any CPU.Build.0 = Release|Any CPU
		{7B76DE77-6AD5-4990-81F5-3C43788AC481}.Debug|Any CPU.ActiveCfg = Debug|Any CPU
		{7B76DE77-6AD5-4990-81F5-3C43788AC481}.Debug|Any CPU.Build.0 = Debug|Any CPU
		{7B76DE77-6AD5-4990-81F5-3C43788AC481}.Release|Any CPU.ActiveCfg = Release|Any CPU
		{7B76DE77-6AD5-4990-81F5-3C43788AC481}.Release|Any CPU.Build.0 = Release|Any CPU
		{D840DFA4-1B39-4E0A-AAF0-56A9CF9DBFB9}.Debug|Any CPU.ActiveCfg = Debug|Any CPU
		{D840DFA4-1B39-4E0A-AAF0-56A9CF9DBFB9}.Debug|Any CPU.Build.0 = Debug|Any CPU
		{D840DFA4-1B39-4E0A-AAF0-56A9CF9DBFB9}.Release|Any CPU.ActiveCfg = Release|Any CPU
		{D840DFA4-1B39-4E0A-AAF0-56A9CF9DBFB9}.Release|Any CPU.Build.0 = Release|Any CPU
		{AA7C437A-A825-4B35-960A-AB370A13B9A2}.Debug|Any CPU.ActiveCfg = Debug|Any CPU
		{AA7C437A-A825-4B35-960A-AB370A13B9A2}.Debug|Any CPU.Build.0 = Debug|Any CPU
		{AA7C437A-A825-4B35-960A-AB370A13B9A2}.Release|Any CPU.ActiveCfg = Release|Any CPU
		{AA7C437A-A825-4B35-960A-AB370A13B9A2}.Release|Any CPU.Build.0 = Release|Any CPU
		{954F6C40-AE9D-4A5F-BFE0-5052ED759E9C}.Debug|Any CPU.ActiveCfg = Debug|Any CPU
		{954F6C40-AE9D-4A5F-BFE0-5052ED759E9C}.Debug|Any CPU.Build.0 = Debug|Any CPU
		{954F6C40-AE9D-4A5F-BFE0-5052ED759E9C}.Release|Any CPU.ActiveCfg = Release|Any CPU
		{954F6C40-AE9D-4A5F-BFE0-5052ED759E9C}.Release|Any CPU.Build.0 = Release|Any CPU
		{0C4EC78B-D48B-458A-8DDC-D8E816EDB7EC}.Debug|Any CPU.ActiveCfg = Debug|Any CPU
		{0C4EC78B-D48B-458A-8DDC-D8E816EDB7EC}.Debug|Any CPU.Build.0 = Debug|Any CPU
		{0C4EC78B-D48B-458A-8DDC-D8E816EDB7EC}.Release|Any CPU.ActiveCfg = Release|Any CPU
		{0C4EC78B-D48B-458A-8DDC-D8E816EDB7EC}.Release|Any CPU.Build.0 = Release|Any CPU
		{89CD27D3-E655-481D-97E1-B701335B430C}.Debug|Any CPU.ActiveCfg = Debug|Any CPU
		{89CD27D3-E655-481D-97E1-B701335B430C}.Debug|Any CPU.Build.0 = Debug|Any CPU
		{89CD27D3-E655-481D-97E1-B701335B430C}.Release|Any CPU.ActiveCfg = Release|Any CPU
		{89CD27D3-E655-481D-97E1-B701335B430C}.Release|Any CPU.Build.0 = Release|Any CPU
		{AA596125-294A-4355-AFE5-5EB60983FAB3}.Debug|Any CPU.ActiveCfg = Debug|Any CPU
		{AA596125-294A-4355-AFE5-5EB60983FAB3}.Debug|Any CPU.Build.0 = Debug|Any CPU
		{AA596125-294A-4355-AFE5-5EB60983FAB3}.Release|Any CPU.ActiveCfg = Release|Any CPU
		{AA596125-294A-4355-AFE5-5EB60983FAB3}.Release|Any CPU.Build.0 = Release|Any CPU
		{72ABD7A4-899E-4B8F-8413-B15F68F8F2A4}.Debug|Any CPU.ActiveCfg = Debug|Any CPU
		{72ABD7A4-899E-4B8F-8413-B15F68F8F2A4}.Debug|Any CPU.Build.0 = Debug|Any CPU
		{72ABD7A4-899E-4B8F-8413-B15F68F8F2A4}.Release|Any CPU.ActiveCfg = Release|Any CPU
		{72ABD7A4-899E-4B8F-8413-B15F68F8F2A4}.Release|Any CPU.Build.0 = Release|Any CPU
		{D804B7BC-DC59-4B7B-BF83-C1A35224EB50}.Debug|Any CPU.ActiveCfg = Debug|Any CPU
		{D804B7BC-DC59-4B7B-BF83-C1A35224EB50}.Debug|Any CPU.Build.0 = Debug|Any CPU
		{D804B7BC-DC59-4B7B-BF83-C1A35224EB50}.Release|Any CPU.ActiveCfg = Release|Any CPU
		{D804B7BC-DC59-4B7B-BF83-C1A35224EB50}.Release|Any CPU.Build.0 = Release|Any CPU
		{F5897327-FD1C-4201-A7C4-F1FC4DBE1953}.Debug|Any CPU.ActiveCfg = Debug|Any CPU
		{F5897327-FD1C-4201-A7C4-F1FC4DBE1953}.Debug|Any CPU.Build.0 = Debug|Any CPU
		{F5897327-FD1C-4201-A7C4-F1FC4DBE1953}.Release|Any CPU.ActiveCfg = Release|Any CPU
		{F5897327-FD1C-4201-A7C4-F1FC4DBE1953}.Release|Any CPU.Build.0 = Release|Any CPU
		{E6F6E221-7F22-4D90-9D0D-530873EAF84E}.Debug|Any CPU.ActiveCfg = Debug|Any CPU
		{E6F6E221-7F22-4D90-9D0D-530873EAF84E}.Debug|Any CPU.Build.0 = Debug|Any CPU
		{E6F6E221-7F22-4D90-9D0D-530873EAF84E}.Release|Any CPU.ActiveCfg = Release|Any CPU
		{E6F6E221-7F22-4D90-9D0D-530873EAF84E}.Release|Any CPU.Build.0 = Release|Any CPU
		{FF8FE169-3996-4883-BD7C-676290173BD8}.Debug|Any CPU.ActiveCfg = Debug|Any CPU
		{FF8FE169-3996-4883-BD7C-676290173BD8}.Debug|Any CPU.Build.0 = Debug|Any CPU
		{FF8FE169-3996-4883-BD7C-676290173BD8}.Release|Any CPU.ActiveCfg = Release|Any CPU
		{FF8FE169-3996-4883-BD7C-676290173BD8}.Release|Any CPU.Build.0 = Release|Any CPU
		{DF1E94A7-4346-4656-9753-6D05AF218468}.Debug|Any CPU.ActiveCfg = Debug|Any CPU
		{DF1E94A7-4346-4656-9753-6D05AF218468}.Debug|Any CPU.Build.0 = Debug|Any CPU
		{DF1E94A7-4346-4656-9753-6D05AF218468}.Release|Any CPU.ActiveCfg = Release|Any CPU
		{DF1E94A7-4346-4656-9753-6D05AF218468}.Release|Any CPU.Build.0 = Release|Any CPU
		{DA03F439-1186-42C7-9F0D-88F9079035AB}.Debug|Any CPU.ActiveCfg = Debug|Any CPU
		{DA03F439-1186-42C7-9F0D-88F9079035AB}.Debug|Any CPU.Build.0 = Debug|Any CPU
		{DA03F439-1186-42C7-9F0D-88F9079035AB}.Release|Any CPU.ActiveCfg = Release|Any CPU
		{DA03F439-1186-42C7-9F0D-88F9079035AB}.Release|Any CPU.Build.0 = Release|Any CPU
		{E04747D0-9CFA-47FA-BD38-B3DA55768590}.Debug|Any CPU.ActiveCfg = Debug|Any CPU
		{E04747D0-9CFA-47FA-BD38-B3DA55768590}.Debug|Any CPU.Build.0 = Debug|Any CPU
		{E04747D0-9CFA-47FA-BD38-B3DA55768590}.Release|Any CPU.ActiveCfg = Release|Any CPU
		{E04747D0-9CFA-47FA-BD38-B3DA55768590}.Release|Any CPU.Build.0 = Release|Any CPU
		{6B31462B-E9A6-46EB-BEC1-DAC9806B9C74}.Debug|Any CPU.ActiveCfg = Debug|Any CPU
		{6B31462B-E9A6-46EB-BEC1-DAC9806B9C74}.Debug|Any CPU.Build.0 = Debug|Any CPU
		{6B31462B-E9A6-46EB-BEC1-DAC9806B9C74}.Release|Any CPU.ActiveCfg = Release|Any CPU
		{6B31462B-E9A6-46EB-BEC1-DAC9806B9C74}.Release|Any CPU.Build.0 = Release|Any CPU
		{34D16CEC-AFF0-4892-8C9D-01326AED6655}.Debug|Any CPU.ActiveCfg = Debug|Any CPU
		{34D16CEC-AFF0-4892-8C9D-01326AED6655}.Debug|Any CPU.Build.0 = Debug|Any CPU
		{34D16CEC-AFF0-4892-8C9D-01326AED6655}.Release|Any CPU.ActiveCfg = Release|Any CPU
		{34D16CEC-AFF0-4892-8C9D-01326AED6655}.Release|Any CPU.Build.0 = Release|Any CPU
		{C0FD471B-4F15-4AA6-B7B4-76960EDF7886}.Debug|Any CPU.ActiveCfg = Debug|Any CPU
		{C0FD471B-4F15-4AA6-B7B4-76960EDF7886}.Debug|Any CPU.Build.0 = Debug|Any CPU
		{C0FD471B-4F15-4AA6-B7B4-76960EDF7886}.Release|Any CPU.ActiveCfg = Release|Any CPU
		{C0FD471B-4F15-4AA6-B7B4-76960EDF7886}.Release|Any CPU.Build.0 = Release|Any CPU
		{E45F5302-EED5-41DC-AB04-4524C9CE8B0C}.Debug|Any CPU.ActiveCfg = Debug|Any CPU
		{E45F5302-EED5-41DC-AB04-4524C9CE8B0C}.Debug|Any CPU.Build.0 = Debug|Any CPU
		{E45F5302-EED5-41DC-AB04-4524C9CE8B0C}.Release|Any CPU.ActiveCfg = Release|Any CPU
		{E45F5302-EED5-41DC-AB04-4524C9CE8B0C}.Release|Any CPU.Build.0 = Release|Any CPU
		{35F98940-8F15-46F4-8189-576158B5D04B}.Debug|Any CPU.ActiveCfg = Debug|Any CPU
		{35F98940-8F15-46F4-8189-576158B5D04B}.Debug|Any CPU.Build.0 = Debug|Any CPU
		{35F98940-8F15-46F4-8189-576158B5D04B}.Release|Any CPU.ActiveCfg = Release|Any CPU
		{35F98940-8F15-46F4-8189-576158B5D04B}.Release|Any CPU.Build.0 = Release|Any CPU
		{3428056C-CDA6-4836-96AC-2EDE12E1A323}.Debug|Any CPU.ActiveCfg = Debug|Any CPU
		{3428056C-CDA6-4836-96AC-2EDE12E1A323}.Debug|Any CPU.Build.0 = Debug|Any CPU
		{3428056C-CDA6-4836-96AC-2EDE12E1A323}.Release|Any CPU.ActiveCfg = Release|Any CPU
		{3428056C-CDA6-4836-96AC-2EDE12E1A323}.Release|Any CPU.Build.0 = Release|Any CPU
		{00192651-5202-4C75-B2EE-EAA8A32E9706}.Debug|Any CPU.ActiveCfg = Debug|Any CPU
		{00192651-5202-4C75-B2EE-EAA8A32E9706}.Debug|Any CPU.Build.0 = Debug|Any CPU
		{00192651-5202-4C75-B2EE-EAA8A32E9706}.Release|Any CPU.ActiveCfg = Release|Any CPU
		{00192651-5202-4C75-B2EE-EAA8A32E9706}.Release|Any CPU.Build.0 = Release|Any CPU
		{A01EAB40-1C3E-4326-8E97-428C0DFD1578}.Debug|Any CPU.ActiveCfg = Debug|Any CPU
		{A01EAB40-1C3E-4326-8E97-428C0DFD1578}.Debug|Any CPU.Build.0 = Debug|Any CPU
		{A01EAB40-1C3E-4326-8E97-428C0DFD1578}.Release|Any CPU.ActiveCfg = Release|Any CPU
		{A01EAB40-1C3E-4326-8E97-428C0DFD1578}.Release|Any CPU.Build.0 = Release|Any CPU
	EndGlobalSection
	GlobalSection(SolutionProperties) = preSolution
		HideSolutionNode = FALSE
	EndGlobalSection
	GlobalSection(ExtensibilityGlobals) = postSolution
		SolutionGuid = {5405EC0B-A634-4898-B946-E68581B9B93F}
	EndGlobalSection
EndGlobal
